Microsoft Visual Studio Solution File, Format Version 12.00
# Visual Studio Version 17
VisualStudioVersion = 17.13.35931.197
MinimumVisualStudioVersion = 10.0.40219.1
Project("{FAE04EC0-301F-11D3-BF4B-00C04F79EFBC}") = "RequestSender", "RequestSender\RequestSender.csproj", "{6A8F9BC5-6F08-43B9-8248-D2D38B86D8DA}"
EndProject
Global
	GlobalSection(SolutionConfigurationPlatforms) = preSolution
		Debug|Any CPU = Debug|Any CPU
		Release|Any CPU = Release|Any CPU
	EndGlobalSection
	GlobalSection(ProjectConfigurationPlatforms) = postSolution
		{6A8F9BC5-6F08-43B9-8248-D2D38B86D8DA}.Debug|Any CPU.ActiveCfg = Debug|Any CPU
		{6A8F9BC5-6F08-43B9-8248-D2D38B86D8DA}.Debug|Any CPU.Build.0 = Debug|Any CPU
		{6A8F9BC5-6F08-43B9-8248-D2D38B86D8DA}.Release|Any CPU.ActiveCfg = Release|Any CPU
		{6A8F9BC5-6F08-43B9-8248-D2D38B86D8DA}.Release|Any CPU.Build.0 = Release|Any CPU
	EndGlobalSection
	GlobalSection(SolutionProperties) = preSolution
		HideSolutionNode = FALSE
	EndGlobalSection
	GlobalSection(ExtensibilityGlobals) = postSolution
		SolutionGuid = {C5447858-6D95-450D-A721-0875DAB0ED94}
	EndGlobalSection
EndGlobal
